
Microsoft Visual Studio Solution File, Format Version 12.00
# Visual Studio Version 17
VisualStudioVersion = 17.9.34728.123
MinimumVisualStudioVersion = 10.0.40219.1
Project("{9A19103F-16F7-4668-BE54-9A1E7A4F7556}") = "Bia", "Bia.csproj", "{B5C597D5-87FA-4708-87FB-63A623B88236}"
EndProject
Global
	GlobalSection(SolutionConfigurationPlatforms) = preSolution
		Debug|Any CPU = Debug|Any CPU
		Release|Any CPU = Release|Any CPU
	EndGlobalSection
	GlobalSection(ProjectConfigurationPlatforms) = postSolution
		{B5C597D5-87FA-4708-87FB-63A623B88236}.Debug|Any CPU.ActiveCfg = Debug|Any CPU
		{B5C597D5-87FA-4708-87FB-63A623B88236}.Debug|Any CPU.Build.0 = Debug|Any CPU
		{B5C597D5-87FA-4708-87FB-63A623B88236}.Release|Any CPU.ActiveCfg = Release|Any CPU
		{B5C597D5-87FA-4708-87FB-63A623B88236}.Release|Any CPU.Build.0 = Release|Any CPU
	EndGlobalSection
	GlobalSection(SolutionProperties) = preSolution
		HideSolutionNode = FALSE
	EndGlobalSection
	GlobalSection(ExtensibilityGlobals) = postSolution
		SolutionGuid = {8B603B50-E234-4867-A4FD-B9295D0B8309}
	EndGlobalSection
EndGlobal
